// !$*UTF8*$!
{
	archiveVersion = 1;
	classes = {
	};
	objectVersion = 50;
	objects = {

/* Begin PBXBuildFile section */
		31147DC7236AB83800ACB6E7 /* back_icon.png in Resources */ = {isa = PBXBuildFile; fileRef = 31147DC6236AB83800ACB6E7 /* back_icon.png */; };
		31147DCC236ABA7E00ACB6E7 /* Roboto-Bold.ttf in Resources */ = {isa = PBXBuildFile; fileRef = 31147DCB236ABA7E00ACB6E7 /* Roboto-Bold.ttf */; };
		31147DD0236ABEC400ACB6E7 /* Gilroy.ttf in Resources */ = {isa = PBXBuildFile; fileRef = 31147DCF236ABEC400ACB6E7 /* Gilroy.ttf */; };
		31147DD8236AD72700ACB6E7 /* button_play_active.png in Resources */ = {isa = PBXBuildFile; fileRef = 31147DD7236AD72700ACB6E7 /* button_play_active.png */; };
		31147DDA236AEFA100ACB6E7 /* Utils.swift in Sources */ = {isa = PBXBuildFile; fileRef = 31147DD9236AEFA100ACB6E7 /* Utils.swift */; };
		31147E7C236C8D2E00ACB6E7 /* ChooseDesignViewController.swift in Sources */ = {isa = PBXBuildFile; fileRef = 31147E7B236C8D2E00ACB6E7 /* ChooseDesignViewController.swift */; };
		31147E7E236C9C2000ACB6E7 /* DataViewController.swift in Sources */ = {isa = PBXBuildFile; fileRef = 31147E7D236C9C2000ACB6E7 /* DataViewController.swift */; };
		31147E80236CA5EA00ACB6E7 /* CustomPageViewController.swift in Sources */ = {isa = PBXBuildFile; fileRef = 31147E7F236CA5EA00ACB6E7 /* CustomPageViewController.swift */; };
		31147EA2236CAD6200ACB6E7 /* design6.png in Resources */ = {isa = PBXBuildFile; fileRef = 31147E9C236CAD6200ACB6E7 /* design6.png */; };
		31147EA3236CAD6200ACB6E7 /* design5.png in Resources */ = {isa = PBXBuildFile; fileRef = 31147E9D236CAD6200ACB6E7 /* design5.png */; };
		31147EA4236CAD6200ACB6E7 /* design4.png in Resources */ = {isa = PBXBuildFile; fileRef = 31147E9E236CAD6200ACB6E7 /* design4.png */; };
		31147EA5236CAD6200ACB6E7 /* design1.png in Resources */ = {isa = PBXBuildFile; fileRef = 31147E9F236CAD6200ACB6E7 /* design1.png */; };
		31147EA6236CAD6200ACB6E7 /* design3.png in Resources */ = {isa = PBXBuildFile; fileRef = 31147EA0236CAD6200ACB6E7 /* design3.png */; };
		31147EA7236CAD6200ACB6E7 /* design2.png in Resources */ = {isa = PBXBuildFile; fileRef = 31147EA1236CAD6200ACB6E7 /* design2.png */; };
		3139109E22FE000E00F6B2C4 /* AppDelegate.swift in Sources */ = {isa = PBXBuildFile; fileRef = 3139109D22FE000E00F6B2C4 /* AppDelegate.swift */; };
		313910A022FE000E00F6B2C4 /* ViewController.swift in Sources */ = {isa = PBXBuildFile; fileRef = 3139109F22FE000E00F6B2C4 /* ViewController.swift */; };
		313910A322FE000E00F6B2C4 /* Main.storyboard in Resources */ = {isa = PBXBuildFile; fileRef = 313910A122FE000E00F6B2C4 /* Main.storyboard */; };
		313910A522FE001200F6B2C4 /* Assets.xcassets in Resources */ = {isa = PBXBuildFile; fileRef = 313910A422FE001200F6B2C4 /* Assets.xcassets */; };
		313910A822FE001200F6B2C4 /* LaunchScreen.storyboard in Resources */ = {isa = PBXBuildFile; fileRef = 313910A622FE001200F6B2C4 /* LaunchScreen.storyboard */; };
		31EAB0112301FE3D00742496 /* TouchDownRecognizer.swift in Sources */ = {isa = PBXBuildFile; fileRef = 31EAB0102301FE3D00742496 /* TouchDownRecognizer.swift */; };
		31EAB03E23020AE400742496 /* Assets.xcassets in Resources */ = {isa = PBXBuildFile; fileRef = 31EAB01223020AE400742496 /* Assets.xcassets */; };
		31EAB03F23020AE400742496 /* LaunchScreen.storyboard in Resources */ = {isa = PBXBuildFile; fileRef = 31EAB01423020AE400742496 /* LaunchScreen.storyboard */; };
		31EAB04023020AE400742496 /* Main.storyboard in Resources */ = {isa = PBXBuildFile; fileRef = 31EAB01623020AE400742496 /* Main.storyboard */; };
		31EAB04123020AE400742496 /* puzzle15.jpg in Resources */ = {isa = PBXBuildFile; fileRef = 31EAB01823020AE400742496 /* puzzle15.jpg */; };
		31EAB08B2302109900742496 /* image10.png in Resources */ = {isa = PBXBuildFile; fileRef = 31EAB0672302109700742496 /* image10.png */; };
		31EAB08C2302109900742496 /* image7.png in Resources */ = {isa = PBXBuildFile; fileRef = 31EAB0682302109700742496 /* image7.png */; };
		31EAB08D2302109900742496 /* image27.png in Resources */ = {isa = PBXBuildFile; fileRef = 31EAB0692302109700742496 /* image27.png */; };
		31EAB08E2302109900742496 /* image6.png in Resources */ = {isa = PBXBuildFile; fileRef = 31EAB06A2302109700742496 /* image6.png */; };
		31EAB08F2302109900742496 /* image16.png in Resources */ = {isa = PBXBuildFile; fileRef = 31EAB06B2302109700742496 /* image16.png */; };
		31EAB0902302109900742496 /* image32.png in Resources */ = {isa = PBXBuildFile; fileRef = 31EAB06C2302109700742496 /* image32.png */; };
		31EAB0912302109900742496 /* image25.png in Resources */ = {isa = PBXBuildFile; fileRef = 31EAB06D2302109700742496 /* image25.png */; };
		31EAB0922302109900742496 /* image9.png in Resources */ = {isa = PBXBuildFile; fileRef = 31EAB06E2302109700742496 /* image9.png */; };
		31EAB0932302109900742496 /* image13.png in Resources */ = {isa = PBXBuildFile; fileRef = 31EAB06F2302109700742496 /* image13.png */; };
		31EAB0942302109900742496 /* image23.png in Resources */ = {isa = PBXBuildFile; fileRef = 31EAB0702302109700742496 /* image23.png */; };
		31EAB0952302109900742496 /* image15.png in Resources */ = {isa = PBXBuildFile; fileRef = 31EAB0712302109700742496 /* image15.png */; };
		31EAB0962302109900742496 /* image2.png in Resources */ = {isa = PBXBuildFile; fileRef = 31EAB0722302109700742496 /* image2.png */; };
		31EAB0972302109900742496 /* image19.png in Resources */ = {isa = PBXBuildFile; fileRef = 31EAB0732302109700742496 /* image19.png */; };
		31EAB0982302109900742496 /* image24.png in Resources */ = {isa = PBXBuildFile; fileRef = 31EAB0742302109700742496 /* image24.png */; };
		31EAB0992302109900742496 /* image29.png in Resources */ = {isa = PBXBuildFile; fileRef = 31EAB0752302109700742496 /* image29.png */; };
		31EAB09A2302109900742496 /* image17.png in Resources */ = {isa = PBXBuildFile; fileRef = 31EAB0762302109700742496 /* image17.png */; };
		31EAB09B2302109900742496 /* image4.png in Resources */ = {isa = PBXBuildFile; fileRef = 31EAB0772302109700742496 /* image4.png */; };
		31EAB09C2302109900742496 /* image11.png in Resources */ = {isa = PBXBuildFile; fileRef = 31EAB0782302109700742496 /* image11.png */; };
		31EAB09D2302109900742496 /* image20.png in Resources */ = {isa = PBXBuildFile; fileRef = 31EAB0792302109800742496 /* image20.png */; };
		31EAB09E2302109900742496 /* image28.png in Resources */ = {isa = PBXBuildFile; fileRef = 31EAB07A2302109800742496 /* image28.png */; };
		31EAB09F2302109900742496 /* image1.png in Resources */ = {isa = PBXBuildFile; fileRef = 31EAB07B2302109800742496 /* image1.png */; };
		31EAB0A02302109900742496 /* image26.png in Resources */ = {isa = PBXBuildFile; fileRef = 31EAB07C2302109800742496 /* image26.png */; };
		31EAB0A12302109900742496 /* image34.png in Resources */ = {isa = PBXBuildFile; fileRef = 31EAB07D2302109800742496 /* image34.png */; };
		31EAB0A22302109900742496 /* image3.png in Resources */ = {isa = PBXBuildFile; fileRef = 31EAB07E2302109800742496 /* image3.png */; };
		31EAB0A32302109900742496 /* image5.png in Resources */ = {isa = PBXBuildFile; fileRef = 31EAB07F2302109800742496 /* image5.png */; };
		31EAB0A42302109900742496 /* image33.png in Resources */ = {isa = PBXBuildFile; fileRef = 31EAB0802302109800742496 /* image33.png */; };
		31EAB0A52302109900742496 /* image35.png in Resources */ = {isa = PBXBuildFile; fileRef = 31EAB0812302109800742496 /* image35.png */; };
		31EAB0A62302109900742496 /* image12.png in Resources */ = {isa = PBXBuildFile; fileRef = 31EAB0822302109800742496 /* image12.png */; };
		31EAB0A72302109900742496 /* image18.png in Resources */ = {isa = PBXBuildFile; fileRef = 31EAB0832302109800742496 /* image18.png */; };
		31EAB0A82302109900742496 /* image31.png in Resources */ = {isa = PBXBuildFile; fileRef = 31EAB0842302109800742496 /* image31.png */; };
		31EAB0A92302109900742496 /* image30.png in Resources */ = {isa = PBXBuildFile; fileRef = 31EAB0852302109800742496 /* image30.png */; };
		31EAB0AA2302109900742496 /* image22.png in Resources */ = {isa = PBXBuildFile; fileRef = 31EAB0862302109800742496 /* image22.png */; };
		31EAB0AB2302109900742496 /* image14.png in Resources */ = {isa = PBXBuildFile; fileRef = 31EAB0872302109900742496 /* image14.png */; };
		31EAB0AC2302109900742496 /* image8.png in Resources */ = {isa = PBXBuildFile; fileRef = 31EAB0882302109900742496 /* image8.png */; };
		31EAB0AD2302109900742496 /* image0.png in Resources */ = {isa = PBXBuildFile; fileRef = 31EAB0892302109900742496 /* image0.png */; };
		31EAB0AE2302109900742496 /* image21.png in Resources */ = {isa = PBXBuildFile; fileRef = 31EAB08A2302109900742496 /* image21.png */; };
		31EAB0B02304854F00742496 /* button_play.png in Resources */ = {isa = PBXBuildFile; fileRef = 31EAB0AF2304854F00742496 /* button_play.png */; };
		31EAB0B22304865200742496 /* MainViewController.swift in Sources */ = {isa = PBXBuildFile; fileRef = 31EAB0B12304865200742496 /* MainViewController.swift */; };
/* End PBXBuildFile section */

/* Begin PBXFileReference section */
		31147DC6236AB83800ACB6E7 /* back_icon.png */ = {isa = PBXFileReference; lastKnownFileType = image.png; path = back_icon.png; sourceTree = "<group>"; };
		31147DCB236ABA7E00ACB6E7 /* Roboto-Bold.ttf */ = {isa = PBXFileReference; lastKnownFileType = file; path = "Roboto-Bold.ttf"; sourceTree = "<group>"; };
		31147DCF236ABEC400ACB6E7 /* Gilroy.ttf */ = {isa = PBXFileReference; lastKnownFileType = file; path = Gilroy.ttf; sourceTree = "<group>"; };
		31147DD7236AD72700ACB6E7 /* button_play_active.png */ = {isa = PBXFileReference; lastKnownFileType = image.png; path = button_play_active.png; sourceTree = "<group>"; };
		31147DD9236AEFA100ACB6E7 /* Utils.swift */ = {isa = PBXFileReference; lastKnownFileType = sourcecode.swift; path = Utils.swift; sourceTree = "<group>"; };
		31147E7B236C8D2E00ACB6E7 /* ChooseDesignViewController.swift */ = {isa = PBXFileReference; lastKnownFileType = sourcecode.swift; path = ChooseDesignViewController.swift; sourceTree = "<group>"; };
		31147E7D236C9C2000ACB6E7 /* DataViewController.swift */ = {isa = PBXFileReference; lastKnownFileType = sourcecode.swift; path = DataViewController.swift; sourceTree = "<group>"; };
		31147E7F236CA5EA00ACB6E7 /* CustomPageViewController.swift */ = {isa = PBXFileReference; lastKnownFileType = sourcecode.swift; path = CustomPageViewController.swift; sourceTree = "<group>"; };
		31147E9C236CAD6200ACB6E7 /* design6.png */ = {isa = PBXFileReference; lastKnownFileType = image.png; path = design6.png; sourceTree = "<group>"; };
		31147E9D236CAD6200ACB6E7 /* design5.png */ = {isa = PBXFileReference; lastKnownFileType = image.png; path = design5.png; sourceTree = "<group>"; };
		31147E9E236CAD6200ACB6E7 /* design4.png */ = {isa = PBXFileReference; lastKnownFileType = image.png; path = design4.png; sourceTree = "<group>"; };
		31147E9F236CAD6200ACB6E7 /* design1.png */ = {isa = PBXFileReference; lastKnownFileType = image.png; path = design1.png; sourceTree = "<group>"; };
		31147EA0236CAD6200ACB6E7 /* design3.png */ = {isa = PBXFileReference; lastKnownFileType = image.png; path = design3.png; sourceTree = "<group>"; };
		31147EA1236CAD6200ACB6E7 /* design2.png */ = {isa = PBXFileReference; lastKnownFileType = image.png; path = design2.png; sourceTree = "<group>"; };
		3139109A22FE000E00F6B2C4 /* barleybreak.app */ = {isa = PBXFileReference; explicitFileType = wrapper.application; includeInIndex = 0; path = barleybreak.app; sourceTree = BUILT_PRODUCTS_DIR; };
		3139109D22FE000E00F6B2C4 /* AppDelegate.swift */ = {isa = PBXFileReference; lastKnownFileType = sourcecode.swift; path = AppDelegate.swift; sourceTree = "<group>"; };
		3139109F22FE000E00F6B2C4 /* ViewController.swift */ = {isa = PBXFileReference; lastKnownFileType = sourcecode.swift; path = ViewController.swift; sourceTree = "<group>"; };
		313910A222FE000E00F6B2C4 /* Base */ = {isa = PBXFileReference; lastKnownFileType = file.storyboard; name = Base; path = Base.lproj/Main.storyboard; sourceTree = "<group>"; };
		313910A422FE001200F6B2C4 /* Assets.xcassets */ = {isa = PBXFileReference; lastKnownFileType = folder.assetcatalog; path = Assets.xcassets; sourceTree = "<group>"; };
		313910A722FE001200F6B2C4 /* Base */ = {isa = PBXFileReference; lastKnownFileType = file.storyboard; name = Base; path = Base.lproj/LaunchScreen.storyboard; sourceTree = "<group>"; };
		313910A922FE001200F6B2C4 /* Info.plist */ = {isa = PBXFileReference; lastKnownFileType = text.plist.xml; path = Info.plist; sourceTree = "<group>"; };
		31EAB0102301FE3D00742496 /* TouchDownRecognizer.swift */ = {isa = PBXFileReference; lastKnownFileType = sourcecode.swift; path = TouchDownRecognizer.swift; sourceTree = "<group>"; };
		31EAB01223020AE400742496 /* Assets.xcassets */ = {isa = PBXFileReference; lastKnownFileType = folder.assetcatalog; path = Assets.xcassets; sourceTree = "<group>"; };
		31EAB01523020AE400742496 /* Base */ = {isa = PBXFileReference; lastKnownFileType = file.storyboard; name = Base; path = LaunchScreen.storyboard; sourceTree = "<group>"; };
		31EAB01723020AE400742496 /* Base */ = {isa = PBXFileReference; lastKnownFileType = file.storyboard; name = Base; path = Main.storyboard; sourceTree = "<group>"; };
		31EAB01823020AE400742496 /* puzzle15.jpg */ = {isa = PBXFileReference; lastKnownFileType = image.jpeg; path = puzzle15.jpg; sourceTree = "<group>"; };
		31EAB0672302109700742496 /* image10.png */ = {isa = PBXFileReference; lastKnownFileType = image.png; path = image10.png; sourceTree = "<group>"; };
		31EAB0682302109700742496 /* image7.png */ = {isa = PBXFileReference; lastKnownFileType = image.png; path = image7.png; sourceTree = "<group>"; };
		31EAB0692302109700742496 /* image27.png */ = {isa = PBXFileReference; lastKnownFileType = image.png; path = image27.png; sourceTree = "<group>"; };
		31EAB06A2302109700742496 /* image6.png */ = {isa = PBXFileReference; lastKnownFileType = image.png; path = image6.png; sourceTree = "<group>"; };
		31EAB06B2302109700742496 /* image16.png */ = {isa = PBXFileReference; lastKnownFileType = image.png; path = image16.png; sourceTree = "<group>"; };
		31EAB06C2302109700742496 /* image32.png */ = {isa = PBXFileReference; lastKnownFileType = image.png; path = image32.png; sourceTree = "<group>"; };
		31EAB06D2302109700742496 /* image25.png */ = {isa = PBXFileReference; lastKnownFileType = image.png; path = image25.png; sourceTree = "<group>"; };
		31EAB06E2302109700742496 /* image9.png */ = {isa = PBXFileReference; lastKnownFileType = image.png; path = image9.png; sourceTree = "<group>"; };
		31EAB06F2302109700742496 /* image13.png */ = {isa = PBXFileReference; lastKnownFileType = image.png; path = image13.png; sourceTree = "<group>"; };
		31EAB0702302109700742496 /* image23.png */ = {isa = PBXFileReference; lastKnownFileType = image.png; path = image23.png; sourceTree = "<group>"; };
		31EAB0712302109700742496 /* image15.png */ = {isa = PBXFileReference; lastKnownFileType = image.png; path = image15.png; sourceTree = "<group>"; };
		31EAB0722302109700742496 /* image2.png */ = {isa = PBXFileReference; lastKnownFileType = image.png; path = image2.png; sourceTree = "<group>"; };
		31EAB0732302109700742496 /* image19.png */ = {isa = PBXFileReference; lastKnownFileType = image.png; path = image19.png; sourceTree = "<group>"; };
		31EAB0742302109700742496 /* image24.png */ = {isa = PBXFileReference; lastKnownFileType = image.png; path = image24.png; sourceTree = "<group>"; };
		31EAB0752302109700742496 /* image29.png */ = {isa = PBXFileReference; lastKnownFileType = image.png; path = image29.png; sourceTree = "<group>"; };
		31EAB0762302109700742496 /* image17.png */ = {isa = PBXFileReference; lastKnownFileType = image.png; path = image17.png; sourceTree = "<group>"; };
		31EAB0772302109700742496 /* image4.png */ = {isa = PBXFileReference; lastKnownFileType = image.png; path = image4.png; sourceTree = "<group>"; };
		31EAB0782302109700742496 /* image11.png */ = {isa = PBXFileReference; lastKnownFileType = image.png; path = image11.png; sourceTree = "<group>"; };
		31EAB0792302109800742496 /* image20.png */ = {isa = PBXFileReference; lastKnownFileType = image.png; path = image20.png; sourceTree = "<group>"; };
		31EAB07A2302109800742496 /* image28.png */ = {isa = PBXFileReference; lastKnownFileType = image.png; path = image28.png; sourceTree = "<group>"; };
		31EAB07B2302109800742496 /* image1.png */ = {isa = PBXFileReference; lastKnownFileType = image.png; path = image1.png; sourceTree = "<group>"; };
		31EAB07C2302109800742496 /* image26.png */ = {isa = PBXFileReference; lastKnownFileType = image.png; path = image26.png; sourceTree = "<group>"; };
		31EAB07D2302109800742496 /* image34.png */ = {isa = PBXFileReference; lastKnownFileType = image.png; path = image34.png; sourceTree = "<group>"; };
		31EAB07E2302109800742496 /* image3.png */ = {isa = PBXFileReference; lastKnownFileType = image.png; path = image3.png; sourceTree = "<group>"; };
		31EAB07F2302109800742496 /* image5.png */ = {isa = PBXFileReference; lastKnownFileType = image.png; path = image5.png; sourceTree = "<group>"; };
		31EAB0802302109800742496 /* image33.png */ = {isa = PBXFileReference; lastKnownFileType = image.png; path = image33.png; sourceTree = "<group>"; };
		31EAB0812302109800742496 /* image35.png */ = {isa = PBXFileReference; lastKnownFileType = image.png; path = image35.png; sourceTree = "<group>"; };
		31EAB0822302109800742496 /* image12.png */ = {isa = PBXFileReference; lastKnownFileType = image.png; path = image12.png; sourceTree = "<group>"; };
		31EAB0832302109800742496 /* image18.png */ = {isa = PBXFileReference; lastKnownFileType = image.png; path = image18.png; sourceTree = "<group>"; };
		31EAB0842302109800742496 /* image31.png */ = {isa = PBXFileReference; lastKnownFileType = image.png; path = image31.png; sourceTree = "<group>"; };
		31EAB0852302109800742496 /* image30.png */ = {isa = PBXFileReference; lastKnownFileType = image.png; path = image30.png; sourceTree = "<group>"; };
		31EAB0862302109800742496 /* image22.png */ = {isa = PBXFileReference; lastKnownFileType = image.png; path = image22.png; sourceTree = "<group>"; };
		31EAB0872302109900742496 /* image14.png */ = {isa = PBXFileReference; lastKnownFileType = image.png; path = image14.png; sourceTree = "<group>"; };
		31EAB0882302109900742496 /* image8.png */ = {isa = PBXFileReference; lastKnownFileType = image.png; path = image8.png; sourceTree = "<group>"; };
		31EAB0892302109900742496 /* image0.png */ = {isa = PBXFileReference; lastKnownFileType = image.png; path = image0.png; sourceTree = "<group>"; };
		31EAB08A2302109900742496 /* image21.png */ = {isa = PBXFileReference; lastKnownFileType = image.png; path = image21.png; sourceTree = "<group>"; };
		31EAB0AF2304854F00742496 /* button_play.png */ = {isa = PBXFileReference; lastKnownFileType = image.png; path = button_play.png; sourceTree = "<group>"; };
		31EAB0B12304865200742496 /* MainViewController.swift */ = {isa = PBXFileReference; lastKnownFileType = sourcecode.swift; path = MainViewController.swift; sourceTree = "<group>"; };
/* End PBXFileReference section */

/* Begin PBXFrameworksBuildPhase section */
		3139109722FE000E00F6B2C4 /* Frameworks */ = {
			isa = PBXFrameworksBuildPhase;
			buildActionMask = 2147483647;
			files = (
			);
			runOnlyForDeploymentPostprocessing = 0;
		};
/* End PBXFrameworksBuildPhase section */

/* Begin PBXGroup section */
		31147DC8236AB8EC00ACB6E7 /* fonts */ = {
			isa = PBXGroup;
			children = (
				31147DCF236ABEC400ACB6E7 /* Gilroy.ttf */,
				31147DCB236ABA7E00ACB6E7 /* Roboto-Bold.ttf */,
			);
			path = fonts;
			sourceTree = "<group>";
		};
		31147E9B236CAD6200ACB6E7 /* icons */ = {
			isa = PBXGroup;
			children = (
				31147E9C236CAD6200ACB6E7 /* design6.png */,
				31147E9D236CAD6200ACB6E7 /* design5.png */,
				31147E9E236CAD6200ACB6E7 /* design4.png */,
				31147E9F236CAD6200ACB6E7 /* design1.png */,
				31147EA0236CAD6200ACB6E7 /* design3.png */,
				31147EA1236CAD6200ACB6E7 /* design2.png */,
			);
			path = icons;
			sourceTree = "<group>";
		};
		3139109122FE000E00F6B2C4 = {
			isa = PBXGroup;
			children = (
				3139109C22FE000E00F6B2C4 /* barleybreak */,
				3139109B22FE000E00F6B2C4 /* Products */,
			);
			sourceTree = "<group>";
		};
		3139109B22FE000E00F6B2C4 /* Products */ = {
			isa = PBXGroup;
			children = (
				3139109A22FE000E00F6B2C4 /* barleybreak.app */,
			);
			name = Products;
			sourceTree = "<group>";
		};
		3139109C22FE000E00F6B2C4 /* barleybreak */ = {
			isa = PBXGroup;
			children = (
				31147E9B236CAD6200ACB6E7 /* icons */,
				31147DD7236AD72700ACB6E7 /* button_play_active.png */,
				31147DC8236AB8EC00ACB6E7 /* fonts */,
				31147DC6236AB83800ACB6E7 /* back_icon.png */,
				31EAB0AF2304854F00742496 /* button_play.png */,
				31EAB0662302103800742496 /* images */,
				31EAB01223020AE400742496 /* Assets.xcassets */,
				31EAB01823020AE400742496 /* puzzle15.jpg */,
				31EAB01323020AE400742496 /* Base.lproj */,
				3139109D22FE000E00F6B2C4 /* AppDelegate.swift */,
				3139109F22FE000E00F6B2C4 /* ViewController.swift */,
				313910A122FE000E00F6B2C4 /* Main.storyboard */,
				313910A422FE001200F6B2C4 /* Assets.xcassets */,
				313910A622FE001200F6B2C4 /* LaunchScreen.storyboard */,
				313910A922FE001200F6B2C4 /* Info.plist */,
				31EAB0102301FE3D00742496 /* TouchDownRecognizer.swift */,
				31EAB0B12304865200742496 /* MainViewController.swift */,
				31147DD9236AEFA100ACB6E7 /* Utils.swift */,
				31147E7B236C8D2E00ACB6E7 /* ChooseDesignViewController.swift */,
				31147E7D236C9C2000ACB6E7 /* DataViewController.swift */,
				31147E7F236CA5EA00ACB6E7 /* CustomPageViewController.swift */,
			);
			path = barleybreak;
			sourceTree = "<group>";
		};
		31EAB01323020AE400742496 /* Base.lproj */ = {
			isa = PBXGroup;
			children = (
				31EAB01423020AE400742496 /* LaunchScreen.storyboard */,
				31EAB01623020AE400742496 /* Main.storyboard */,
			);
			path = Base.lproj;
			sourceTree = "<group>";
		};
		31EAB0662302103800742496 /* images */ = {
			isa = PBXGroup;
			children = (
				31EAB0892302109900742496 /* image0.png */,
				31EAB07B2302109800742496 /* image1.png */,
				31EAB0722302109700742496 /* image2.png */,
				31EAB07E2302109800742496 /* image3.png */,
				31EAB0772302109700742496 /* image4.png */,
				31EAB07F2302109800742496 /* image5.png */,
				31EAB06A2302109700742496 /* image6.png */,
				31EAB0682302109700742496 /* image7.png */,
				31EAB0882302109900742496 /* image8.png */,
				31EAB06E2302109700742496 /* image9.png */,
				31EAB0672302109700742496 /* image10.png */,
				31EAB0782302109700742496 /* image11.png */,
				31EAB0822302109800742496 /* image12.png */,
				31EAB06F2302109700742496 /* image13.png */,
				31EAB0872302109900742496 /* image14.png */,
				31EAB0712302109700742496 /* image15.png */,
				31EAB06B2302109700742496 /* image16.png */,
				31EAB0762302109700742496 /* image17.png */,
				31EAB0832302109800742496 /* image18.png */,
				31EAB0732302109700742496 /* image19.png */,
				31EAB0792302109800742496 /* image20.png */,
				31EAB08A2302109900742496 /* image21.png */,
				31EAB0862302109800742496 /* image22.png */,
				31EAB0702302109700742496 /* image23.png */,
				31EAB0742302109700742496 /* image24.png */,
				31EAB06D2302109700742496 /* image25.png */,
				31EAB07C2302109800742496 /* image26.png */,
				31EAB0692302109700742496 /* image27.png */,
				31EAB07A2302109800742496 /* image28.png */,
				31EAB0752302109700742496 /* image29.png */,
				31EAB0852302109800742496 /* image30.png */,
				31EAB0842302109800742496 /* image31.png */,
				31EAB06C2302109700742496 /* image32.png */,
				31EAB0802302109800742496 /* image33.png */,
				31EAB07D2302109800742496 /* image34.png */,
				31EAB0812302109800742496 /* image35.png */,
			);
			path = images;
			sourceTree = "<group>";
		};
/* End PBXGroup section */

/* Begin PBXNativeTarget section */
		3139109922FE000E00F6B2C4 /* barleybreak */ = {
			isa = PBXNativeTarget;
			buildConfigurationList = 313910AC22FE001200F6B2C4 /* Build configuration list for PBXNativeTarget "barleybreak" */;
			buildPhases = (
				3139109622FE000E00F6B2C4 /* Sources */,
				3139109722FE000E00F6B2C4 /* Frameworks */,
				3139109822FE000E00F6B2C4 /* Resources */,
			);
			buildRules = (
			);
			dependencies = (
			);
			name = barleybreak;
			productName = barleybreak;
			productReference = 3139109A22FE000E00F6B2C4 /* barleybreak.app */;
			productType = "com.apple.product-type.application";
		};
/* End PBXNativeTarget section */

/* Begin PBXProject section */
		3139109222FE000E00F6B2C4 /* Project object */ = {
			isa = PBXProject;
			attributes = {
				LastSwiftUpdateCheck = 1020;
				LastUpgradeCheck = 1020;
				ORGANIZATIONNAME = "Dmitry Belyaev";
				TargetAttributes = {
					3139109922FE000E00F6B2C4 = {
						CreatedOnToolsVersion = 10.2.1;
					};
				};
			};
			buildConfigurationList = 3139109522FE000E00F6B2C4 /* Build configuration list for PBXProject "barleybreak" */;
			compatibilityVersion = "Xcode 9.3";
			developmentRegion = en;
			hasScannedForEncodings = 0;
			knownRegions = (
				en,
				Base,
			);
			mainGroup = 3139109122FE000E00F6B2C4;
			productRefGroup = 3139109B22FE000E00F6B2C4 /* Products */;
			projectDirPath = "";
			projectRoot = "";
			targets = (
				3139109922FE000E00F6B2C4 /* barleybreak */,
			);
		};
/* End PBXProject section */

/* Begin PBXResourcesBuildPhase section */
		3139109822FE000E00F6B2C4 /* Resources */ = {
			isa = PBXResourcesBuildPhase;
			buildActionMask = 2147483647;
			files = (
				31EAB0AE2302109900742496 /* image21.png in Resources */,
				313910A822FE001200F6B2C4 /* LaunchScreen.storyboard in Resources */,
				31EAB0922302109900742496 /* image9.png in Resources */,
				31EAB09C2302109900742496 /* image11.png in Resources */,
				31147DCC236ABA7E00ACB6E7 /* Roboto-Bold.ttf in Resources */,
				31EAB0A82302109900742496 /* image31.png in Resources */,
				313910A522FE001200F6B2C4 /* Assets.xcassets in Resources */,
				31EAB08E2302109900742496 /* image6.png in Resources */,
				31EAB08B2302109900742496 /* image10.png in Resources */,
				31EAB0982302109900742496 /* image24.png in Resources */,
				31EAB0A02302109900742496 /* image26.png in Resources */,
				31147EA6236CAD6200ACB6E7 /* design3.png in Resources */,
				31EAB0AC2302109900742496 /* image8.png in Resources */,
				31EAB0932302109900742496 /* image13.png in Resources */,
				31EAB0A22302109900742496 /* image3.png in Resources */,
				31EAB03E23020AE400742496 /* Assets.xcassets in Resources */,
				31EAB0962302109900742496 /* image2.png in Resources */,
				31EAB08D2302109900742496 /* image27.png in Resources */,
				31EAB0AB2302109900742496 /* image14.png in Resources */,
				31EAB09E2302109900742496 /* image28.png in Resources */,
				31EAB03F23020AE400742496 /* LaunchScreen.storyboard in Resources */,
				31147EA4236CAD6200ACB6E7 /* design4.png in Resources */,
				31EAB04023020AE400742496 /* Main.storyboard in Resources */,
				31147DD8236AD72700ACB6E7 /* button_play_active.png in Resources */,
				31EAB0AA2302109900742496 /* image22.png in Resources */,
				31EAB09B2302109900742496 /* image4.png in Resources */,
				31147EA7236CAD6200ACB6E7 /* design2.png in Resources */,
				31EAB0912302109900742496 /* image25.png in Resources */,
				31147EA2236CAD6200ACB6E7 /* design6.png in Resources */,
				31EAB0AD2302109900742496 /* image0.png in Resources */,
				31EAB08F2302109900742496 /* image16.png in Resources */,
				31EAB08C2302109900742496 /* image7.png in Resources */,
				31EAB0A42302109900742496 /* image33.png in Resources */,
				31EAB0902302109900742496 /* image32.png in Resources */,
				31EAB0A32302109900742496 /* image5.png in Resources */,
				31EAB0A12302109900742496 /* image34.png in Resources */,
				31147EA3236CAD6200ACB6E7 /* design5.png in Resources */,
				31EAB0992302109900742496 /* image29.png in Resources */,
				313910A322FE000E00F6B2C4 /* Main.storyboard in Resources */,
				31147DC7236AB83800ACB6E7 /* back_icon.png in Resources */,
				31EAB0A72302109900742496 /* image18.png in Resources */,
				31EAB0A62302109900742496 /* image12.png in Resources */,
				31EAB09F2302109900742496 /* image1.png in Resources */,
				31EAB04123020AE400742496 /* puzzle15.jpg in Resources */,
				31EAB09D2302109900742496 /* image20.png in Resources */,
				31EAB0A92302109900742496 /* image30.png in Resources */,
				31EAB0942302109900742496 /* image23.png in Resources */,
				31147EA5236CAD6200ACB6E7 /* design1.png in Resources */,
				31EAB0B02304854F00742496 /* button_play.png in Resources */,
				31EAB09A2302109900742496 /* image17.png in Resources */,
				31147DD0236ABEC400ACB6E7 /* Gilroy.ttf in Resources */,
				31EAB0A52302109900742496 /* image35.png in Resources */,
				31EAB0952302109900742496 /* image15.png in Resources */,
				31EAB0972302109900742496 /* image19.png in Resources */,
			);
			runOnlyForDeploymentPostprocessing = 0;
		};
/* End PBXResourcesBuildPhase section */

/* Begin PBXSourcesBuildPhase section */
		3139109622FE000E00F6B2C4 /* Sources */ = {
			isa = PBXSourcesBuildPhase;
			buildActionMask = 2147483647;
			files = (
				31147E80236CA5EA00ACB6E7 /* CustomPageViewController.swift in Sources */,
				31147E7C236C8D2E00ACB6E7 /* ChooseDesignViewController.swift in Sources */,
				31147E7E236C9C2000ACB6E7 /* DataViewController.swift in Sources */,
				31147DDA236AEFA100ACB6E7 /* Utils.swift in Sources */,
				313910A022FE000E00F6B2C4 /* ViewController.swift in Sources */,
				31EAB0112301FE3D00742496 /* TouchDownRecognizer.swift in Sources */,
				3139109E22FE000E00F6B2C4 /* AppDelegate.swift in Sources */,
				31EAB0B22304865200742496 /* MainViewController.swift in Sources */,
			);
			runOnlyForDeploymentPostprocessing = 0;
		};
/* End PBXSourcesBuildPhase section */

/* Begin PBXVariantGroup section */
		313910A122FE000E00F6B2C4 /* Main.storyboard */ = {
			isa = PBXVariantGroup;
			children = (
				313910A222FE000E00F6B2C4 /* Base */,
			);
			name = Main.storyboard;
			sourceTree = "<group>";
		};
		313910A622FE001200F6B2C4 /* LaunchScreen.storyboard */ = {
			isa = PBXVariantGroup;
			children = (
				313910A722FE001200F6B2C4 /* Base */,
			);
			name = LaunchScreen.storyboard;
			sourceTree = "<group>";
		};
		31EAB01423020AE400742496 /* LaunchScreen.storyboard */ = {
			isa = PBXVariantGroup;
			children = (
				31EAB01523020AE400742496 /* Base */,
			);
			name = LaunchScreen.storyboard;
			sourceTree = "<group>";
		};
		31EAB01623020AE400742496 /* Main.storyboard */ = {
			isa = PBXVariantGroup;
			children = (
				31EAB01723020AE400742496 /* Base */,
			);
			name = Main.storyboard;
			sourceTree = "<group>";
		};
/* End PBXVariantGroup section */

/* Begin XCBuildConfiguration section */
		313910AA22FE001200F6B2C4 /* Debug */ = {
			isa = XCBuildConfiguration;
			buildSettings = {
				ALWAYS_SEARCH_USER_PATHS = NO;
				CLANG_ANALYZER_NONNULL = YES;
				CLANG_ANALYZER_NUMBER_OBJECT_CONVERSION = YES_AGGRESSIVE;
				CLANG_CXX_LANGUAGE_STANDARD = "gnu++14";
				CLANG_CXX_LIBRARY = "libc++";
				CLANG_ENABLE_MODULES = YES;
				CLANG_ENABLE_OBJC_ARC = YES;
				CLANG_ENABLE_OBJC_WEAK = YES;
				CLANG_WARN_BLOCK_CAPTURE_AUTORELEASING = YES;
				CLANG_WARN_BOOL_CONVERSION = YES;
				CLANG_WARN_COMMA = YES;
				CLANG_WARN_CONSTANT_CONVERSION = YES;
				CLANG_WARN_DEPRECATED_OBJC_IMPLEMENTATIONS = YES;
				CLANG_WARN_DIRECT_OBJC_ISA_USAGE = YES_ERROR;
				CLANG_WARN_DOCUMENTATION_COMMENTS = YES;
				CLANG_WARN_EMPTY_BODY = YES;
				CLANG_WARN_ENUM_CONVERSION = YES;
				CLANG_WARN_INFINITE_RECURSION = YES;
				CLANG_WARN_INT_CONVERSION = YES;
				CLANG_WARN_NON_LITERAL_NULL_CONVERSION = YES;
				CLANG_WARN_OBJC_IMPLICIT_RETAIN_SELF = YES;
				CLANG_WARN_OBJC_LITERAL_CONVERSION = YES;
				CLANG_WARN_OBJC_ROOT_CLASS = YES_ERROR;
				CLANG_WARN_RANGE_LOOP_ANALYSIS = YES;
				CLANG_WARN_STRICT_PROTOTYPES = YES;
				CLANG_WARN_SUSPICIOUS_MOVE = YES;
				CLANG_WARN_UNGUARDED_AVAILABILITY = YES_AGGRESSIVE;
				CLANG_WARN_UNREACHABLE_CODE = YES;
				CLANG_WARN__DUPLICATE_METHOD_MATCH = YES;
				CODE_SIGN_IDENTITY = "iPhone Developer";
				COPY_PHASE_STRIP = NO;
				DEBUG_INFORMATION_FORMAT = dwarf;
				ENABLE_STRICT_OBJC_MSGSEND = YES;
				ENABLE_TESTABILITY = YES;
				GCC_C_LANGUAGE_STANDARD = gnu11;
				GCC_DYNAMIC_NO_PIC = NO;
				GCC_NO_COMMON_BLOCKS = YES;
				GCC_OPTIMIZATION_LEVEL = 0;
				GCC_PREPROCESSOR_DEFINITIONS = (
					"DEBUG=1",
					"$(inherited)",
				);
				GCC_WARN_64_TO_32_BIT_CONVERSION = YES;
				GCC_WARN_ABOUT_RETURN_TYPE = YES_ERROR;
				GCC_WARN_UNDECLARED_SELECTOR = YES;
				GCC_WARN_UNINITIALIZED_AUTOS = YES_AGGRESSIVE;
				GCC_WARN_UNUSED_FUNCTION = YES;
				GCC_WARN_UNUSED_VARIABLE = YES;
				IPHONEOS_DEPLOYMENT_TARGET = 11.0;
				MTL_ENABLE_DEBUG_INFO = INCLUDE_SOURCE;
				MTL_FAST_MATH = YES;
				ONLY_ACTIVE_ARCH = YES;
				SDKROOT = iphoneos;
				SWIFT_ACTIVE_COMPILATION_CONDITIONS = DEBUG;
				SWIFT_OPTIMIZATION_LEVEL = "-Onone";
			};
			name = Debug;
		};
		313910AB22FE001200F6B2C4 /* Release */ = {
			isa = XCBuildConfiguration;
			buildSettings = {
				ALWAYS_SEARCH_USER_PATHS = NO;
				CLANG_ANALYZER_NONNULL = YES;
				CLANG_ANALYZER_NUMBER_OBJECT_CONVERSION = YES_AGGRESSIVE;
				CLANG_CXX_LANGUAGE_STANDARD = "gnu++14";
				CLANG_CXX_LIBRARY = "libc++";
				CLANG_ENABLE_MODULES = YES;
				CLANG_ENABLE_OBJC_ARC = YES;
				CLANG_ENABLE_OBJC_WEAK = YES;
				CLANG_WARN_BLOCK_CAPTURE_AUTORELEASING = YES;
				CLANG_WARN_BOOL_CONVERSION = YES;
				CLANG_WARN_COMMA = YES;
				CLANG_WARN_CONSTANT_CONVERSION = YES;
				CLANG_WARN_DEPRECATED_OBJC_IMPLEMENTATIONS = YES;
				CLANG_WARN_DIRECT_OBJC_ISA_USAGE = YES_ERROR;
				CLANG_WARN_DOCUMENTATION_COMMENTS = YES;
				CLANG_WARN_EMPTY_BODY = YES;
				CLANG_WARN_ENUM_CONVERSION = YES;
				CLANG_WARN_INFINITE_RECURSION = YES;
				CLANG_WARN_INT_CONVERSION = YES;
				CLANG_WARN_NON_LITERAL_NULL_CONVERSION = YES;
				CLANG_WARN_OBJC_IMPLICIT_RETAIN_SELF = YES;
				CLANG_WARN_OBJC_LITERAL_CONVERSION = YES;
				CLANG_WARN_OBJC_ROOT_CLASS = YES_ERROR;
				CLANG_WARN_RANGE_LOOP_ANALYSIS = YES;
				CLANG_WARN_STRICT_PROTOTYPES = YES;
				CLANG_WARN_SUSPICIOUS_MOVE = YES;
				CLANG_WARN_UNGUARDED_AVAILABILITY = YES_AGGRESSIVE;
				CLANG_WARN_UNREACHABLE_CODE = YES;
				CLANG_WARN__DUPLICATE_METHOD_MATCH = YES;
				CODE_SIGN_IDENTITY = "iPhone Developer";
				COPY_PHASE_STRIP = NO;
				DEBUG_INFORMATION_FORMAT = "dwarf-with-dsym";
				ENABLE_NS_ASSERTIONS = NO;
				ENABLE_STRICT_OBJC_MSGSEND = YES;
				GCC_C_LANGUAGE_STANDARD = gnu11;
				GCC_NO_COMMON_BLOCKS = YES;
				GCC_WARN_64_TO_32_BIT_CONVERSION = YES;
				GCC_WARN_ABOUT_RETURN_TYPE = YES_ERROR;
				GCC_WARN_UNDECLARED_SELECTOR = YES;
				GCC_WARN_UNINITIALIZED_AUTOS = YES_AGGRESSIVE;
				GCC_WARN_UNUSED_FUNCTION = YES;
				GCC_WARN_UNUSED_VARIABLE = YES;
				IPHONEOS_DEPLOYMENT_TARGET = 11.0;
				MTL_ENABLE_DEBUG_INFO = NO;
				MTL_FAST_MATH = YES;
				SDKROOT = iphoneos;
				SWIFT_COMPILATION_MODE = wholemodule;
				SWIFT_OPTIMIZATION_LEVEL = "-O";
				VALIDATE_PRODUCT = YES;
			};
			name = Release;
		};
		313910AD22FE001200F6B2C4 /* Debug */ = {
			isa = XCBuildConfiguration;
			buildSettings = {
				ASSETCATALOG_COMPILER_APPICON_NAME = AppIcon;
				CODE_SIGN_STYLE = Automatic;
				DEVELOPMENT_TEAM = BP4MT8WDNF;
				INFOPLIST_FILE = barleybreak/Info.plist;
				LD_RUNPATH_SEARCH_PATHS = (
					"$(inherited)",
					"@executable_path/Frameworks",
				);
				PRODUCT_BUNDLE_IDENTIFIER = ru.dmitry.belyaev.barleybreak;
				PRODUCT_NAME = "$(TARGET_NAME)";
				SWIFT_VERSION = 5.0;
				TARGETED_DEVICE_FAMILY = "1,2";
			};
			name = Debug;
		};
		313910AE22FE001200F6B2C4 /* Release */ = {
			isa = XCBuildConfiguration;
			buildSettings = {
				ASSETCATALOG_COMPILER_APPICON_NAME = AppIcon;
				CODE_SIGN_STYLE = Automatic;
				DEVELOPMENT_TEAM = BP4MT8WDNF;
				INFOPLIST_FILE = barleybreak/Info.plist;
				LD_RUNPATH_SEARCH_PATHS = (
					"$(inherited)",
					"@executable_path/Frameworks",
				);
				PRODUCT_BUNDLE_IDENTIFIER = ru.dmitry.belyaev.barleybreak;
				PRODUCT_NAME = "$(TARGET_NAME)";
				SWIFT_VERSION = 5.0;
				TARGETED_DEVICE_FAMILY = "1,2";
			};
			name = Release;
		};
/* End XCBuildConfiguration section */

/* Begin XCConfigurationList section */
		3139109522FE000E00F6B2C4 /* Build configuration list for PBXProject "barleybreak" */ = {
			isa = XCConfigurationList;
			buildConfigurations = (
				313910AA22FE001200F6B2C4 /* Debug */,
				313910AB22FE001200F6B2C4 /* Release */,
			);
			defaultConfigurationIsVisible = 0;
			defaultConfigurationName = Release;
		};
		313910AC22FE001200F6B2C4 /* Build configuration list for PBXNativeTarget "barleybreak" */ = {
			isa = XCConfigurationList;
			buildConfigurations = (
				313910AD22FE001200F6B2C4 /* Debug */,
				313910AE22FE001200F6B2C4 /* Release */,
			);
			defaultConfigurationIsVisible = 0;
			defaultConfigurationName = Release;
		};
/* End XCConfigurationList section */
	};
	rootObject = 3139109222FE000E00F6B2C4 /* Project object */;
}
